{
  "dependencies": {
    "ws": {
      "version": "0.7.2",
      "dependencies": {
        "options": {
          "version": "0.0.6"
        },
        "ultron": {
          "version": "1.0.2"
        },
        "bufferutil": {
          "version": "1.1.0",
          "dependencies": {
            "bindings": {
              "version": "1.2.1"
            },
            "nan": {
              "version": "1.8.4"
            }
          }
        },
        "utf-8-validate": {
          "version": "1.1.0",
          "dependencies": {
            "bindings": {
              "version": "1.2.1"
            },
            "nan": {
              "version": "1.8.4"
            }
          }
        }
      }
    }
  }
}
